
Microsoft Visual Studio Solution File, Format Version 12.00
# Visual Studio 15
VisualStudioVersion = 15.0.28010.2016
MinimumVisualStudioVersion = 10.0.40219.1
Project("{FAE04EC0-301F-11D3-BF4B-00C04F79EFBC}") = "TotoJokerGenerator", "TotoJokerGenerator\TotoJokerGenerator.csproj", "{491288E1-640C-4213-9E9D-F26D93E8FF1A}"
EndProject
Global
	GlobalSection(SolutionConfigurationPlatforms) = preSolution
		Debug|Any CPU = Debug|Any CPU
		Release|Any CPU = Release|Any CPU
	EndGlobalSection
	GlobalSection(ProjectConfigurationPlatforms) = postSolution
		{491288E1-640C-4213-9E9D-F26D93E8FF1A}.Debug|Any CPU.ActiveCfg = Debug|Any CPU
		{491288E1-640C-4213-9E9D-F26D93E8FF1A}.Debug|Any CPU.Build.0 = Debug|Any CPU
		{491288E1-640C-4213-9E9D-F26D93E8FF1A}.Release|Any CPU.ActiveCfg = Release|Any CPU
		{491288E1-640C-4213-9E9D-F26D93E8FF1A}.Release|Any CPU.Build.0 = Release|Any CPU
	EndGlobalSection
	GlobalSection(SolutionProperties) = preSolution
		HideSolutionNode = FALSE
	EndGlobalSection
	GlobalSection(ExtensibilityGlobals) = postSolution
		SolutionGuid = {F023632D-C70C-4ECA-BC3A-7058AB658A45}
	EndGlobalSection
EndGlobal
